
Microsoft Visual Studio Solution File, Format Version 12.00
# Visual Studio Version 16
VisualStudioVersion = 16.0.31321.278
MinimumVisualStudioVersion = 10.0.40219.1
Project("{FAE04EC0-301F-11D3-BF4B-00C04F79EFBC}") = "AntDesignSelectInDropdownBug", "AntDesignSelectInDropdownBug.csproj", "{3A507CCE-EFE0-4879-AD40-9271EC453756}"
EndProject
Global
	GlobalSection(SolutionConfigurationPlatforms) = preSolution
		Debug|Any CPU = Debug|Any CPU
		Release|Any CPU = Release|Any CPU
	EndGlobalSection
	GlobalSection(ProjectConfigurationPlatforms) = postSolution
		{3A507CCE-EFE0-4879-AD40-9271EC453756}.Debug|Any CPU.ActiveCfg = Debug|Any CPU
		{3A507CCE-EFE0-4879-AD40-9271EC453756}.Debug|Any CPU.Build.0 = Debug|Any CPU
		{3A507CCE-EFE0-4879-AD40-9271EC453756}.Release|Any CPU.ActiveCfg = Release|Any CPU
		{3A507CCE-EFE0-4879-AD40-9271EC453756}.Release|Any CPU.Build.0 = Release|Any CPU
	EndGlobalSection
	GlobalSection(SolutionProperties) = preSolution
		HideSolutionNode = FALSE
	EndGlobalSection
	GlobalSection(ExtensibilityGlobals) = postSolution
		SolutionGuid = {3A718B96-9C4C-4EFE-B4B1-2850F08663AC}
	EndGlobalSection
EndGlobal
